
Microsoft Visual Studio Solution File, Format Version 12.00
# Visual Studio Version 17
VisualStudioVersion = 17.0.32112.339
MinimumVisualStudioVersion = 10.0.40219.1
Project("{FAE04EC0-301F-11D3-BF4B-00C04F79EFBC}") = "NorthwindLastOne", "NorthwindLastOne\NorthwindLastOne.csproj", "{D4F12B1C-7C5F-4EB0-9ABD-B360415C98D7}"
EndProject
Global
	GlobalSection(SolutionConfigurationPlatforms) = preSolution
		Debug|Any CPU = Debug|Any CPU
		Release|Any CPU = Release|Any CPU
	EndGlobalSection
	GlobalSection(ProjectConfigurationPlatforms) = postSolution
		{D4F12B1C-7C5F-4EB0-9ABD-B360415C98D7}.Debug|Any CPU.ActiveCfg = Debug|Any CPU
		{D4F12B1C-7C5F-4EB0-9ABD-B360415C98D7}.Debug|Any CPU.Build.0 = Debug|Any CPU
		{D4F12B1C-7C5F-4EB0-9ABD-B360415C98D7}.Release|Any CPU.ActiveCfg = Release|Any CPU
		{D4F12B1C-7C5F-4EB0-9ABD-B360415C98D7}.Release|Any CPU.Build.0 = Release|Any CPU
	EndGlobalSection
	GlobalSection(SolutionProperties) = preSolution
		HideSolutionNode = FALSE
	EndGlobalSection
	GlobalSection(ExtensibilityGlobals) = postSolution
		SolutionGuid = {1447E660-90A3-405F-BBA5-64D2DF2D9B95}
	EndGlobalSection
EndGlobal
